// !$*UTF8*$!
{
	archiveVersion = 1;
	classes = {
	};
	objectVersion = 46;
	objects = {

/* Begin PBXBuildFile section */
		1C427D981A4F128B0012A72B /* numerical.cpp in Sources */ = {isa = PBXBuildFile; fileRef = 1C427D971A4F128B0012A72B /* numerical.cpp */; };
		1C427D991A4F128B0012A72B /* numerical.cpp in Sources */ = {isa = PBXBuildFile; fileRef = 1C427D971A4F128B0012A72B /* numerical.cpp */; };
		1C4F56011A7441CB00C7E6D7 /* FileIO.cpp in Sources */ = {isa = PBXBuildFile; fileRef = 1C4F56001A7441CB00C7E6D7 /* FileIO.cpp */; };
		1C4F56021A7441CB00C7E6D7 /* FileIO.cpp in Sources */ = {isa = PBXBuildFile; fileRef = 1C4F56001A7441CB00C7E6D7 /* FileIO.cpp */; };
		1C4F56051A74548400C7E6D7 /* residue_type.cc in Sources */ = {isa = PBXBuildFile; fileRef = 1C4F56031A74548400C7E6D7 /* residue_type.cc */; };
		1CE55A2A1A4A552F00F300F3 /* main.cpp in Sources */ = {isa = PBXBuildFile; fileRef = 1CE55A291A4A552F00F300F3 /* main.cpp */; };
		1CE55A321A4A558400F300F3 /* atom.cpp in Sources */ = {isa = PBXBuildFile; fileRef = 1CE55A301A4A558400F300F3 /* atom.cpp */; };
		1CE55A3D1A4A59C100F300F3 /* main.cpp in Sources */ = {isa = PBXBuildFile; fileRef = 1CE55A3C1A4A59C100F300F3 /* main.cpp */; };
		1CE55A411A4A5B0F00F300F3 /* atom.cpp in Sources */ = {isa = PBXBuildFile; fileRef = 1CE55A301A4A558400F300F3 /* atom.cpp */; };
/* End PBXBuildFile section */

/* Begin PBXCopyFilesBuildPhase section */
		1CE55A241A4A552F00F300F3 /* CopyFiles */ = {
			isa = PBXCopyFilesBuildPhase;
			buildActionMask = 2147483647;
			dstPath = /usr/share/man/man1/;
			dstSubfolderSpec = 0;
			files = (
			);
			runOnlyForDeploymentPostprocessing = 1;
		};
		1CE55A381A4A59C100F300F3 /* Copy Files */ = {
			isa = PBXCopyFilesBuildPhase;
			buildActionMask = 2147483647;
			dstPath = /usr/share/man/man1/;
			dstSubfolderSpec = 0;
			files = (
			);
			name = "Copy Files";
			runOnlyForDeploymentPostprocessing = 1;
		};
/* End PBXCopyFilesBuildPhase section */

/* Begin PBXFileReference section */
		1C427D961A4F128B0012A72B /* numerical.h */ = {isa = PBXFileReference; fileEncoding = 4; lastKnownFileType = sourcecode.c.h; path = numerical.h; sourceTree = "<group>"; };
		1C427D971A4F128B0012A72B /* numerical.cpp */ = {isa = PBXFileReference; fileEncoding = 4; lastKnownFileType = sourcecode.cpp.cpp; path = numerical.cpp; sourceTree = "<group>"; };
		1C427D9A1A4F13100012A72B /* xyzMatrix.h */ = {isa = PBXFileReference; fileEncoding = 4; lastKnownFileType = sourcecode.c.h; path = xyzMatrix.h; sourceTree = "<group>"; };
		1C4F56001A7441CB00C7E6D7 /* FileIO.cpp */ = {isa = PBXFileReference; fileEncoding = 4; lastKnownFileType = sourcecode.cpp.cpp; path = FileIO.cpp; sourceTree = "<group>"; };
		1C4F56031A74548400C7E6D7 /* residue_type.cc */ = {isa = PBXFileReference; fileEncoding = 4; lastKnownFileType = sourcecode.cpp.cpp; path = residue_type.cc; sourceTree = "<group>"; };
		1C4F56041A74548400C7E6D7 /* residue_type.h */ = {isa = PBXFileReference; fileEncoding = 4; lastKnownFileType = sourcecode.c.h; path = residue_type.h; sourceTree = "<group>"; };
		1CE55A261A4A552F00F300F3 /* RNAMake */ = {isa = PBXFileReference; explicitFileType = "compiled.mach-o.executable"; includeInIndex = 0; path = RNAMake; sourceTree = BUILT_PRODUCTS_DIR; };
		1CE55A291A4A552F00F300F3 /* main.cpp */ = {isa = PBXFileReference; lastKnownFileType = sourcecode.cpp.cpp; path = main.cpp; sourceTree = "<group>"; };
		1CE55A301A4A558400F300F3 /* atom.cpp */ = {isa = PBXFileReference; fileEncoding = 4; lastKnownFileType = sourcecode.cpp.cpp; path = atom.cpp; sourceTree = "<group>"; };
		1CE55A311A4A558400F300F3 /* atom.h */ = {isa = PBXFileReference; fileEncoding = 4; lastKnownFileType = sourcecode.c.h; path = atom.h; sourceTree = "<group>"; };
		1CE55A331A4A56BA00F300F3 /* xyzVector.h */ = {isa = PBXFileReference; fileEncoding = 4; lastKnownFileType = sourcecode.c.h; path = xyzVector.h; sourceTree = "<group>"; };
		1CE55A341A4A576000F300F3 /* types.h */ = {isa = PBXFileReference; fileEncoding = 4; lastKnownFileType = sourcecode.c.h; path = types.h; sourceTree = "<group>"; };
		1CE55A351A4A594B00F300F3 /* FileIO.h */ = {isa = PBXFileReference; fileEncoding = 4; lastKnownFileType = sourcecode.c.h; path = FileIO.h; sourceTree = "<group>"; };
		1CE55A3A1A4A59C100F300F3 /* Atom.unittest */ = {isa = PBXFileReference; explicitFileType = "compiled.mach-o.executable"; includeInIndex = 0; path = Atom.unittest; sourceTree = BUILT_PRODUCTS_DIR; };
		1CE55A3C1A4A59C100F300F3 /* main.cpp */ = {isa = PBXFileReference; lastKnownFileType = sourcecode.cpp.cpp; path = main.cpp; sourceTree = "<group>"; };
/* End PBXFileReference section */

/* Begin PBXFrameworksBuildPhase section */
		1CE55A231A4A552F00F300F3 /* Frameworks */ = {
			isa = PBXFrameworksBuildPhase;
			buildActionMask = 2147483647;
			files = (
			);
			runOnlyForDeploymentPostprocessing = 0;
		};
		1CE55A371A4A59C100F300F3 /* Frameworks */ = {
			isa = PBXFrameworksBuildPhase;
			buildActionMask = 2147483647;
			files = (
			);
			runOnlyForDeploymentPostprocessing = 0;
		};
/* End PBXFrameworksBuildPhase section */

/* Begin PBXGroup section */
		1CE55A1D1A4A552F00F300F3 = {
			isa = PBXGroup;
			children = (
				1CE55A281A4A552F00F300F3 /* RNAMake */,
				1CE55A3B1A4A59C100F300F3 /* Atom.unittest */,
				1CE55A271A4A552F00F300F3 /* Products */,
			);
			sourceTree = "<group>";
		};
		1CE55A271A4A552F00F300F3 /* Products */ = {
			isa = PBXGroup;
			children = (
				1CE55A261A4A552F00F300F3 /* RNAMake */,
				1CE55A3A1A4A59C100F300F3 /* Atom.unittest */,
			);
			name = Products;
			sourceTree = "<group>";
		};
		1CE55A281A4A552F00F300F3 /* RNAMake */ = {
			isa = PBXGroup;
			children = (
				1C4F56001A7441CB00C7E6D7 /* FileIO.cpp */,
				1C427D9A1A4F13100012A72B /* xyzMatrix.h */,
				1C427D961A4F128B0012A72B /* numerical.h */,
				1C427D971A4F128B0012A72B /* numerical.cpp */,
				1CE55A331A4A56BA00F300F3 /* xyzVector.h */,
				1CE55A341A4A576000F300F3 /* types.h */,
				1CE55A291A4A552F00F300F3 /* main.cpp */,
				1CE55A301A4A558400F300F3 /* atom.cpp */,
				1CE55A351A4A594B00F300F3 /* FileIO.h */,
				1CE55A311A4A558400F300F3 /* atom.h */,
				1C4F56031A74548400C7E6D7 /* residue_type.cc */,
				1C4F56041A74548400C7E6D7 /* residue_type.h */,
			);
			path = RNAMake;
			sourceTree = "<group>";
		};
		1CE55A3B1A4A59C100F300F3 /* Atom.unittest */ = {
			isa = PBXGroup;
			children = (
				1CE55A3C1A4A59C100F300F3 /* main.cpp */,
			);
			path = Atom.unittest;
			sourceTree = "<group>";
		};
/* End PBXGroup section */

/* Begin PBXNativeTarget section */
		1CE55A251A4A552F00F300F3 /* RNAMake */ = {
			isa = PBXNativeTarget;
			buildConfigurationList = 1CE55A2D1A4A552F00F300F3 /* Build configuration list for PBXNativeTarget "RNAMake" */;
			buildPhases = (
				1CE55A221A4A552F00F300F3 /* Sources */,
				1CE55A231A4A552F00F300F3 /* Frameworks */,
				1CE55A241A4A552F00F300F3 /* CopyFiles */,
			);
			buildRules = (
			);
			dependencies = (
			);
			name = RNAMake;
			productName = RNAMake;
			productReference = 1CE55A261A4A552F00F300F3 /* RNAMake */;
			productType = "com.apple.product-type.tool";
		};
		1CE55A391A4A59C100F300F3 /* Atom.unittest */ = {
			isa = PBXNativeTarget;
			buildConfigurationList = 1CE55A3E1A4A59C100F300F3 /* Build configuration list for PBXNativeTarget "Atom.unittest" */;
			buildPhases = (
				1CE55A361A4A59C100F300F3 /* Sources */,
				1CE55A371A4A59C100F300F3 /* Frameworks */,
				1CE55A381A4A59C100F300F3 /* Copy Files */,
			);
			buildRules = (
			);
			dependencies = (
			);
			name = Atom.unittest;
			productName = Atom.unittest;
			productReference = 1CE55A3A1A4A59C100F300F3 /* Atom.unittest */;
			productType = "com.apple.product-type.tool";
		};
/* End PBXNativeTarget section */

/* Begin PBXProject section */
		1CE55A1E1A4A552F00F300F3 /* Project object */ = {
			isa = PBXProject;
			attributes = {
				LastUpgradeCheck = 0610;
				ORGANIZATIONNAME = "Joseph Yesselman";
				TargetAttributes = {
					1CE55A251A4A552F00F300F3 = {
						CreatedOnToolsVersion = 6.1.1;
					};
					1CE55A391A4A59C100F300F3 = {
						CreatedOnToolsVersion = 6.1.1;
					};
				};
			};
			buildConfigurationList = 1CE55A211A4A552F00F300F3 /* Build configuration list for PBXProject "RNAMake" */;
			compatibilityVersion = "Xcode 3.2";
			developmentRegion = English;
			hasScannedForEncodings = 0;
			knownRegions = (
				en,
			);
			mainGroup = 1CE55A1D1A4A552F00F300F3;
			productRefGroup = 1CE55A271A4A552F00F300F3 /* Products */;
			projectDirPath = "";
			projectRoot = "";
			targets = (
				1CE55A251A4A552F00F300F3 /* RNAMake */,
				1CE55A391A4A59C100F300F3 /* Atom.unittest */,
			);
		};
/* End PBXProject section */

/* Begin PBXSourcesBuildPhase section */
		1CE55A221A4A552F00F300F3 /* Sources */ = {
			isa = PBXSourcesBuildPhase;
			buildActionMask = 2147483647;
			files = (
				1CE55A321A4A558400F300F3 /* atom.cpp in Sources */,
				1CE55A2A1A4A552F00F300F3 /* main.cpp in Sources */,
				1C427D981A4F128B0012A72B /* numerical.cpp in Sources */,
				1C4F56011A7441CB00C7E6D7 /* FileIO.cpp in Sources */,
				1C4F56051A74548400C7E6D7 /* residue_type.cc in Sources */,
			);
			runOnlyForDeploymentPostprocessing = 0;
		};
		1CE55A361A4A59C100F300F3 /* Sources */ = {
			isa = PBXSourcesBuildPhase;
			buildActionMask = 2147483647;
			files = (
				1CE55A411A4A5B0F00F300F3 /* atom.cpp in Sources */,
				1CE55A3D1A4A59C100F300F3 /* main.cpp in Sources */,
				1C427D991A4F128B0012A72B /* numerical.cpp in Sources */,
				1C4F56021A7441CB00C7E6D7 /* FileIO.cpp in Sources */,
			);
			runOnlyForDeploymentPostprocessing = 0;
		};
/* End PBXSourcesBuildPhase section */

/* Begin XCBuildConfiguration section */
		1CE55A2B1A4A552F00F300F3 /* Debug */ = {
			isa = XCBuildConfiguration;
			buildSettings = {
				ALWAYS_SEARCH_USER_PATHS = NO;
				CLANG_CXX_LANGUAGE_STANDARD = "gnu++0x";
				CLANG_CXX_LIBRARY = "libc++";
				CLANG_ENABLE_MODULES = YES;
				CLANG_ENABLE_OBJC_ARC = YES;
				CLANG_WARN_BOOL_CONVERSION = YES;
				CLANG_WARN_CONSTANT_CONVERSION = YES;
				CLANG_WARN_DIRECT_OBJC_ISA_USAGE = YES_ERROR;
				CLANG_WARN_EMPTY_BODY = YES;
				CLANG_WARN_ENUM_CONVERSION = YES;
				CLANG_WARN_INT_CONVERSION = YES;
				CLANG_WARN_OBJC_ROOT_CLASS = YES_ERROR;
				CLANG_WARN_UNREACHABLE_CODE = YES;
				CLANG_WARN__DUPLICATE_METHOD_MATCH = YES;
				COPY_PHASE_STRIP = NO;
				ENABLE_STRICT_OBJC_MSGSEND = YES;
				GCC_C_LANGUAGE_STANDARD = gnu99;
				GCC_DYNAMIC_NO_PIC = NO;
				GCC_OPTIMIZATION_LEVEL = 0;
				GCC_PREPROCESSOR_DEFINITIONS = (
					"DEBUG=1",
					"$(inherited)",
				);
				GCC_SYMBOLS_PRIVATE_EXTERN = NO;
				GCC_WARN_64_TO_32_BIT_CONVERSION = YES;
				GCC_WARN_ABOUT_RETURN_TYPE = YES_ERROR;
				GCC_WARN_UNDECLARED_SELECTOR = YES;
				GCC_WARN_UNINITIALIZED_AUTOS = YES_AGGRESSIVE;
				GCC_WARN_UNUSED_FUNCTION = YES;
				GCC_WARN_UNUSED_VARIABLE = YES;
				MACOSX_DEPLOYMENT_TARGET = 10.10;
				MTL_ENABLE_DEBUG_INFO = YES;
				ONLY_ACTIVE_ARCH = YES;
				SDKROOT = macosx;
			};
			name = Debug;
		};
		1CE55A2C1A4A552F00F300F3 /* Release */ = {
			isa = XCBuildConfiguration;
			buildSettings = {
				ALWAYS_SEARCH_USER_PATHS = NO;
				CLANG_CXX_LANGUAGE_STANDARD = "gnu++0x";
				CLANG_CXX_LIBRARY = "libc++";
				CLANG_ENABLE_MODULES = YES;
				CLANG_ENABLE_OBJC_ARC = YES;
				CLANG_WARN_BOOL_CONVERSION = YES;
				CLANG_WARN_CONSTANT_CONVERSION = YES;
				CLANG_WARN_DIRECT_OBJC_ISA_USAGE = YES_ERROR;
				CLANG_WARN_EMPTY_BODY = YES;
				CLANG_WARN_ENUM_CONVERSION = YES;
				CLANG_WARN_INT_CONVERSION = YES;
				CLANG_WARN_OBJC_ROOT_CLASS = YES_ERROR;
				CLANG_WARN_UNREACHABLE_CODE = YES;
				CLANG_WARN__DUPLICATE_METHOD_MATCH = YES;
				COPY_PHASE_STRIP = YES;
				DEBUG_INFORMATION_FORMAT = "dwarf-with-dsym";
				ENABLE_NS_ASSERTIONS = NO;
				ENABLE_STRICT_OBJC_MSGSEND = YES;
				GCC_C_LANGUAGE_STANDARD = gnu99;
				GCC_WARN_64_TO_32_BIT_CONVERSION = YES;
				GCC_WARN_ABOUT_RETURN_TYPE = YES_ERROR;
				GCC_WARN_UNDECLARED_SELECTOR = YES;
				GCC_WARN_UNINITIALIZED_AUTOS = YES_AGGRESSIVE;
				GCC_WARN_UNUSED_FUNCTION = YES;
				GCC_WARN_UNUSED_VARIABLE = YES;
				MACOSX_DEPLOYMENT_TARGET = 10.10;
				MTL_ENABLE_DEBUG_INFO = NO;
				SDKROOT = macosx;
			};
			name = Release;
		};
		1CE55A2E1A4A552F00F300F3 /* Debug */ = {
			isa = XCBuildConfiguration;
			buildSettings = {
				PRODUCT_NAME = "$(TARGET_NAME)";
			};
			name = Debug;
		};
		1CE55A2F1A4A552F00F300F3 /* Release */ = {
			isa = XCBuildConfiguration;
			buildSettings = {
				PRODUCT_NAME = "$(TARGET_NAME)";
			};
			name = Release;
		};
		1CE55A3F1A4A59C100F300F3 /* Debug */ = {
			isa = XCBuildConfiguration;
			buildSettings = {
				ALWAYS_SEARCH_USER_PATHS = YES;
				GCC_PREPROCESSOR_DEFINITIONS = (
					"DEBUG=1",
					"$(inherited)",
				);
				HEADER_SEARCH_PATHS = (
					"$(inherited)",
					/Applications/Xcode.app/Contents/Developer/Toolchains/XcodeDefault.xctoolchain/usr/include,
				);
				PRODUCT_NAME = "$(TARGET_NAME)";
				"USER_HEADER_SEARCH_PATHS[arch=*]" = /usr/include;
			};
			name = Debug;
		};
		1CE55A401A4A59C100F300F3 /* Release */ = {
			isa = XCBuildConfiguration;
			buildSettings = {
				ALWAYS_SEARCH_USER_PATHS = YES;
				HEADER_SEARCH_PATHS = (
					"$(inherited)",
					/Applications/Xcode.app/Contents/Developer/Toolchains/XcodeDefault.xctoolchain/usr/include,
				);
				PRODUCT_NAME = "$(TARGET_NAME)";
			};
			name = Release;
		};
/* End XCBuildConfiguration section */

/* Begin XCConfigurationList section */
		1CE55A211A4A552F00F300F3 /* Build configuration list for PBXProject "RNAMake" */ = {
			isa = XCConfigurationList;
			buildConfigurations = (
				1CE55A2B1A4A552F00F300F3 /* Debug */,
				1CE55A2C1A4A552F00F300F3 /* Release */,
			);
			defaultConfigurationIsVisible = 0;
			defaultConfigurationName = Release;
		};
		1CE55A2D1A4A552F00F300F3 /* Build configuration list for PBXNativeTarget "RNAMake" */ = {
			isa = XCConfigurationList;
			buildConfigurations = (
				1CE55A2E1A4A552F00F300F3 /* Debug */,
				1CE55A2F1A4A552F00F300F3 /* Release */,
			);
			defaultConfigurationIsVisible = 0;
			defaultConfigurationName = Release;
		};
		1CE55A3E1A4A59C100F300F3 /* Build configuration list for PBXNativeTarget "Atom.unittest" */ = {
			isa = XCConfigurationList;
			buildConfigurations = (
				1CE55A3F1A4A59C100F300F3 /* Debug */,
				1CE55A401A4A59C100F300F3 /* Release */,
			);
			defaultConfigurationIsVisible = 0;
			defaultConfigurationName = Release;
		};
/* End XCConfigurationList section */
	};
	rootObject = 1CE55A1E1A4A552F00F300F3 /* Project object */;
}
